
Microsoft Visual Studio Solution File, Format Version 12.00
# Visual Studio Version 17
VisualStudioVersion = 17.14.36623.8 d17.14
MinimumVisualStudioVersion = 10.0.40219.1
Project("{FAE04EC0-301F-11D3-BF4B-00C04F79EFBC}") = "GitDemoApp", "GitDemoApp\GitDemoApp.csproj", "{80EAF60E-4961-41FE-B5AB-23CD252BDBCF}"
EndProject
Global
	GlobalSection(SolutionConfigurationPlatforms) = preSolution
		Debug|Any CPU = Debug|Any CPU
		Release|Any CPU = Release|Any CPU
	EndGlobalSection
	GlobalSection(ProjectConfigurationPlatforms) = postSolution
		{80EAF60E-4961-41FE-B5AB-23CD252BDBCF}.Debug|Any CPU.ActiveCfg = Debug|Any CPU
		{80EAF60E-4961-41FE-B5AB-23CD252BDBCF}.Debug|Any CPU.Build.0 = Debug|Any CPU
		{80EAF60E-4961-41FE-B5AB-23CD252BDBCF}.Release|Any CPU.ActiveCfg = Release|Any CPU
		{80EAF60E-4961-41FE-B5AB-23CD252BDBCF}.Release|Any CPU.Build.0 = Release|Any CPU
	EndGlobalSection
	GlobalSection(SolutionProperties) = preSolution
		HideSolutionNode = FALSE
	EndGlobalSection
	GlobalSection(ExtensibilityGlobals) = postSolution
		SolutionGuid = {01C4A1E7-3825-4247-82C9-59341EA0A1AD}
	EndGlobalSection
EndGlobal
